
Microsoft Visual Studio Solution File, Format Version 11.00
# Visual Studio 2010
Project("{FAE04EC0-301F-11D3-BF4B-00C04F79EFBC}") = "Mushi Collection", "Assembly-CSharp.csproj", "{97480D03-1831-5D9E-2DF8-F21F9A6F6196}"
EndProject
Project("{FAE04EC0-301F-11D3-BF4B-00C04F79EFBC}") = "Mushi Collection", "Assembly-CSharp-Editor.csproj", "{EF785748-E698-5014-3FC2-AA460D303C72}"
EndProject
Global
	GlobalSection(SolutionConfigurationPlatforms) = preSolution
		Debug|Any CPU = Debug|Any CPU
		Release|Any CPU = Release|Any CPU
	EndGlobalSection
	GlobalSection(ProjectConfigurationPlatforms) = postSolution
		{97480D03-1831-5D9E-2DF8-F21F9A6F6196}.Debug|Any CPU.ActiveCfg = Debug|Any CPU
		{97480D03-1831-5D9E-2DF8-F21F9A6F6196}.Debug|Any CPU.Build.0 = Debug|Any CPU
		{97480D03-1831-5D9E-2DF8-F21F9A6F6196}.Release|Any CPU.ActiveCfg = Release|Any CPU
		{97480D03-1831-5D9E-2DF8-F21F9A6F6196}.Release|Any CPU.Build.0 = Release|Any CPU
		{EF785748-E698-5014-3FC2-AA460D303C72}.Debug|Any CPU.ActiveCfg = Debug|Any CPU
		{EF785748-E698-5014-3FC2-AA460D303C72}.Debug|Any CPU.Build.0 = Debug|Any CPU
		{EF785748-E698-5014-3FC2-AA460D303C72}.Release|Any CPU.ActiveCfg = Release|Any CPU
		{EF785748-E698-5014-3FC2-AA460D303C72}.Release|Any CPU.Build.0 = Release|Any CPU
	EndGlobalSection
	GlobalSection(SolutionProperties) = preSolution
		HideSolutionNode = FALSE
	EndGlobalSection
	GlobalSection(MonoDevelopProperties) = preSolution
		StartupItem = Assembly-CSharp.csproj
	EndGlobalSection
EndGlobal
